// !$*UTF8*$!
{
	archiveVersion = 1;
	classes = {
	};
	objectVersion = 46;
	objects = {

/* Begin PBXBuildFile section */
		0B1E2DB31E0998840089706B /* GOWall.swift in Sources */ = {isa = PBXBuildFile; fileRef = 0B1E2DB21E0998840089706B /* GOWall.swift */; };
		0B27F8C41E13EA53005D8E07 /* Game.json in Resources */ = {isa = PBXBuildFile; fileRef = 0B27F8C31E13EA53005D8E07 /* Game.json */; };
		0B27F8C61E13EC11005D8E07 /* GameData.swift in Sources */ = {isa = PBXBuildFile; fileRef = 0B27F8C51E13EC11005D8E07 /* GameData.swift */; };
		0B27F8C81E13ECD5005D8E07 /* GameManager.swift in Sources */ = {isa = PBXBuildFile; fileRef = 0B27F8C71E13ECD5005D8E07 /* GameManager.swift */; };
		0B4D5B011E13D25400A9FBC7 /* Level.swift in Sources */ = {isa = PBXBuildFile; fileRef = 0B4D5B001E13D25400A9FBC7 /* Level.swift */; };
		0B6730C81E150C3700A5F721 /* Fireball.sks in Resources */ = {isa = PBXBuildFile; fileRef = 0B6730C61E150C3700A5F721 /* Fireball.sks */; };
		0B6730C91E150C3700A5F721 /* spark.png in Resources */ = {isa = PBXBuildFile; fileRef = 0B6730C71E150C3700A5F721 /* spark.png */; };
		0B6F44551E15120F005CE28F /* Frostbolt.sks in Resources */ = {isa = PBXBuildFile; fileRef = 0B6F44541E15120F005CE28F /* Frostbolt.sks */; };
		0B6F44571E1514FC005CE28F /* Felfire.sks in Resources */ = {isa = PBXBuildFile; fileRef = 0B6F44561E1514FC005CE28F /* Felfire.sks */; };
		0B6F44591E1515FB005CE28F /* Ball.swift in Sources */ = {isa = PBXBuildFile; fileRef = 0B6F44581E1515FB005CE28F /* Ball.swift */; };
		0B6F445B1E151BD3005CE28F /* GOBall.swift in Sources */ = {isa = PBXBuildFile; fileRef = 0B6F445A1E151BD3005CE28F /* GOBall.swift */; };
		0B6F445D1E151DDA005CE28F /* TouchBarScene.sks in Resources */ = {isa = PBXBuildFile; fileRef = 0B6F445C1E151DDA005CE28F /* TouchBarScene.sks */; };
		0B6F44601E152B9D005CE28F /* LevelScrubberItem.swift in Sources */ = {isa = PBXBuildFile; fileRef = 0B6F445F1E152B9D005CE28F /* LevelScrubberItem.swift */; };
		0B6F44621E152D0A005CE28F /* BallScrubberItem.swift in Sources */ = {isa = PBXBuildFile; fileRef = 0B6F44611E152D0A005CE28F /* BallScrubberItem.swift */; };
		0B6F44641E152DE1005CE28F /* PaddleScrubberItem.swift in Sources */ = {isa = PBXBuildFile; fileRef = 0B6F44631E152DE1005CE28F /* PaddleScrubberItem.swift */; };
		0B6F44661E15317B005CE28F /* TouchBarScene.swift in Sources */ = {isa = PBXBuildFile; fileRef = 0B6F44651E15317B005CE28F /* TouchBarScene.swift */; };
		0B73FF1D1E09AC660009FAE1 /* Enums.swift in Sources */ = {isa = PBXBuildFile; fileRef = 0B73FF1C1E09AC660009FAE1 /* Enums.swift */; };
		0B73FF1F1E09ADB00009FAE1 /* Configuration.swift in Sources */ = {isa = PBXBuildFile; fileRef = 0B73FF1E1E09ADB00009FAE1 /* Configuration.swift */; };
		0BCE93241E06DE7E00BC0908 /* GameScene.swift in Sources */ = {isa = PBXBuildFile; fileRef = 0BCE93171E06DE7E00BC0908 /* GameScene.swift */; };
		0BCE93251E06DE7E00BC0908 /* MainVC.swift in Sources */ = {isa = PBXBuildFile; fileRef = 0BCE93191E06DE7E00BC0908 /* MainVC.swift */; };
		0BCE93261E06DE7E00BC0908 /* AppDelegate.swift in Sources */ = {isa = PBXBuildFile; fileRef = 0BCE931B1E06DE7E00BC0908 /* AppDelegate.swift */; };
		0BCE93271E06DE7E00BC0908 /* Assets.xcassets in Resources */ = {isa = PBXBuildFile; fileRef = 0BCE931D1E06DE7E00BC0908 /* Assets.xcassets */; };
		0BCE93291E06DE7E00BC0908 /* Actions.sks in Resources */ = {isa = PBXBuildFile; fileRef = 0BCE93201E06DE7E00BC0908 /* Actions.sks */; };
		0BCE932A1E06DE7E00BC0908 /* GameScene.sks in Resources */ = {isa = PBXBuildFile; fileRef = 0BCE93211E06DE7E00BC0908 /* GameScene.sks */; };
		0BCE932B1E06DE7E00BC0908 /* Main.storyboard in Resources */ = {isa = PBXBuildFile; fileRef = 0BCE93231E06DE7E00BC0908 /* Main.storyboard */; };
		0BCE932D1E06E31700BC0908 /* MainWC.swift in Sources */ = {isa = PBXBuildFile; fileRef = 0BCE932C1E06E31700BC0908 /* MainWC.swift */; };
		0BCE93301E06E45600BC0908 /* Extensions.swift in Sources */ = {isa = PBXBuildFile; fileRef = 0BCE932F1E06E45600BC0908 /* Extensions.swift */; };
		0BDC95D41E1452F20095C405 /* MenuManager.swift in Sources */ = {isa = PBXBuildFile; fileRef = 0BDC95D31E1452F20095C405 /* MenuManager.swift */; };
		0BDC95D71E14535B0095C405 /* ClosureStorage.swift in Sources */ = {isa = PBXBuildFile; fileRef = 0BDC95D61E14535B0095C405 /* ClosureStorage.swift */; };
		80D60A81C339268193409569 /* Pods_Touchanoid.framework in Frameworks */ = {isa = PBXBuildFile; fileRef = CD52318507ACB30F47199947 /* Pods_Touchanoid.framework */; };
/* End PBXBuildFile section */

/* Begin PBXFileReference section */
		0B1E2DB21E0998840089706B /* GOWall.swift */ = {isa = PBXFileReference; fileEncoding = 4; lastKnownFileType = sourcecode.swift; path = GOWall.swift; sourceTree = "<group>"; };
		0B27F8C31E13EA53005D8E07 /* Game.json */ = {isa = PBXFileReference; fileEncoding = 4; lastKnownFileType = text.json; path = Game.json; sourceTree = "<group>"; };
		0B27F8C51E13EC11005D8E07 /* GameData.swift */ = {isa = PBXFileReference; fileEncoding = 4; lastKnownFileType = sourcecode.swift; path = GameData.swift; sourceTree = "<group>"; };
		0B27F8C71E13ECD5005D8E07 /* GameManager.swift */ = {isa = PBXFileReference; fileEncoding = 4; lastKnownFileType = sourcecode.swift; path = GameManager.swift; sourceTree = "<group>"; };
		0B4D5B001E13D25400A9FBC7 /* Level.swift */ = {isa = PBXFileReference; fileEncoding = 4; lastKnownFileType = sourcecode.swift; path = Level.swift; sourceTree = "<group>"; };
		0B6730C61E150C3700A5F721 /* Fireball.sks */ = {isa = PBXFileReference; lastKnownFileType = file.sks; path = Fireball.sks; sourceTree = "<group>"; };
		0B6730C71E150C3700A5F721 /* spark.png */ = {isa = PBXFileReference; lastKnownFileType = image.png; path = spark.png; sourceTree = "<group>"; };
		0B6F44541E15120F005CE28F /* Frostbolt.sks */ = {isa = PBXFileReference; lastKnownFileType = file.sks; path = Frostbolt.sks; sourceTree = "<group>"; };
		0B6F44561E1514FC005CE28F /* Felfire.sks */ = {isa = PBXFileReference; lastKnownFileType = file.sks; path = Felfire.sks; sourceTree = "<group>"; };
		0B6F44581E1515FB005CE28F /* Ball.swift */ = {isa = PBXFileReference; fileEncoding = 4; lastKnownFileType = sourcecode.swift; path = Ball.swift; sourceTree = "<group>"; };
		0B6F445A1E151BD3005CE28F /* GOBall.swift */ = {isa = PBXFileReference; fileEncoding = 4; lastKnownFileType = sourcecode.swift; path = GOBall.swift; sourceTree = "<group>"; };
		0B6F445C1E151DDA005CE28F /* TouchBarScene.sks */ = {isa = PBXFileReference; lastKnownFileType = file.sks; path = TouchBarScene.sks; sourceTree = "<group>"; };
		0B6F445F1E152B9D005CE28F /* LevelScrubberItem.swift */ = {isa = PBXFileReference; fileEncoding = 4; lastKnownFileType = sourcecode.swift; path = LevelScrubberItem.swift; sourceTree = "<group>"; };
		0B6F44611E152D0A005CE28F /* BallScrubberItem.swift */ = {isa = PBXFileReference; fileEncoding = 4; lastKnownFileType = sourcecode.swift; path = BallScrubberItem.swift; sourceTree = "<group>"; };
		0B6F44631E152DE1005CE28F /* PaddleScrubberItem.swift */ = {isa = PBXFileReference; fileEncoding = 4; lastKnownFileType = sourcecode.swift; path = PaddleScrubberItem.swift; sourceTree = "<group>"; };
		0B6F44651E15317B005CE28F /* TouchBarScene.swift */ = {isa = PBXFileReference; fileEncoding = 4; lastKnownFileType = sourcecode.swift; path = TouchBarScene.swift; sourceTree = "<group>"; };
		0B73FF1C1E09AC660009FAE1 /* Enums.swift */ = {isa = PBXFileReference; fileEncoding = 4; lastKnownFileType = sourcecode.swift; path = Enums.swift; sourceTree = "<group>"; };
		0B73FF1E1E09ADB00009FAE1 /* Configuration.swift */ = {isa = PBXFileReference; fileEncoding = 4; lastKnownFileType = sourcecode.swift; path = Configuration.swift; sourceTree = "<group>"; };
		0BCE92FB1E06DB0300BC0908 /* Touchanoid.app */ = {isa = PBXFileReference; explicitFileType = wrapper.application; includeInIndex = 0; path = Touchanoid.app; sourceTree = BUILT_PRODUCTS_DIR; };
		0BCE93171E06DE7E00BC0908 /* GameScene.swift */ = {isa = PBXFileReference; fileEncoding = 4; lastKnownFileType = sourcecode.swift; path = GameScene.swift; sourceTree = "<group>"; };
		0BCE93191E06DE7E00BC0908 /* MainVC.swift */ = {isa = PBXFileReference; fileEncoding = 4; lastKnownFileType = sourcecode.swift; path = MainVC.swift; sourceTree = "<group>"; };
		0BCE931B1E06DE7E00BC0908 /* AppDelegate.swift */ = {isa = PBXFileReference; fileEncoding = 4; lastKnownFileType = sourcecode.swift; path = AppDelegate.swift; sourceTree = "<group>"; };
		0BCE931D1E06DE7E00BC0908 /* Assets.xcassets */ = {isa = PBXFileReference; lastKnownFileType = folder.assetcatalog; path = Assets.xcassets; sourceTree = "<group>"; };
		0BCE931E1E06DE7E00BC0908 /* Info.plist */ = {isa = PBXFileReference; fileEncoding = 4; lastKnownFileType = text.plist.xml; path = Info.plist; sourceTree = "<group>"; };
		0BCE93201E06DE7E00BC0908 /* Actions.sks */ = {isa = PBXFileReference; lastKnownFileType = file.sks; path = Actions.sks; sourceTree = "<group>"; };
		0BCE93211E06DE7E00BC0908 /* GameScene.sks */ = {isa = PBXFileReference; lastKnownFileType = file.sks; path = GameScene.sks; sourceTree = "<group>"; };
		0BCE93231E06DE7E00BC0908 /* Main.storyboard */ = {isa = PBXFileReference; fileEncoding = 4; lastKnownFileType = file.storyboard; path = Main.storyboard; sourceTree = "<group>"; };
		0BCE932C1E06E31700BC0908 /* MainWC.swift */ = {isa = PBXFileReference; fileEncoding = 4; lastKnownFileType = sourcecode.swift; path = MainWC.swift; sourceTree = "<group>"; };
		0BCE932F1E06E45600BC0908 /* Extensions.swift */ = {isa = PBXFileReference; fileEncoding = 4; lastKnownFileType = sourcecode.swift; path = Extensions.swift; sourceTree = "<group>"; };
		0BDC95D31E1452F20095C405 /* MenuManager.swift */ = {isa = PBXFileReference; fileEncoding = 4; lastKnownFileType = sourcecode.swift; path = MenuManager.swift; sourceTree = "<group>"; };
		0BDC95D61E14535B0095C405 /* ClosureStorage.swift */ = {isa = PBXFileReference; fileEncoding = 4; lastKnownFileType = sourcecode.swift; path = ClosureStorage.swift; sourceTree = "<group>"; };
		3C7EEFB1E41B70EBAFF3E213 /* Pods-Touchanoid.release.xcconfig */ = {isa = PBXFileReference; includeInIndex = 1; lastKnownFileType = text.xcconfig; name = "Pods-Touchanoid.release.xcconfig"; path = "Pods/Target Support Files/Pods-Touchanoid/Pods-Touchanoid.release.xcconfig"; sourceTree = "<group>"; };
		BA2CD22267DAB612739E9D49 /* Pods-Touchanoid.debug.xcconfig */ = {isa = PBXFileReference; includeInIndex = 1; lastKnownFileType = text.xcconfig; name = "Pods-Touchanoid.debug.xcconfig"; path = "Pods/Target Support Files/Pods-Touchanoid/Pods-Touchanoid.debug.xcconfig"; sourceTree = "<group>"; };
		CD52318507ACB30F47199947 /* Pods_Touchanoid.framework */ = {isa = PBXFileReference; explicitFileType = wrapper.framework; includeInIndex = 0; path = Pods_Touchanoid.framework; sourceTree = BUILT_PRODUCTS_DIR; };
/* End PBXFileReference section */

/* Begin PBXFrameworksBuildPhase section */
		0BCE92F81E06DB0300BC0908 /* Frameworks */ = {
			isa = PBXFrameworksBuildPhase;
			buildActionMask = 2147483647;
			files = (
				80D60A81C339268193409569 /* Pods_Touchanoid.framework in Frameworks */,
			);
			runOnlyForDeploymentPostprocessing = 0;
		};
/* End PBXFrameworksBuildPhase section */

/* Begin PBXGroup section */
		0B1E2DB11E0998750089706B /* Objects */ = {
			isa = PBXGroup;
			children = (
				0B6F445A1E151BD3005CE28F /* GOBall.swift */,
				0B1E2DB21E0998840089706B /* GOWall.swift */,
			);
			path = Objects;
			sourceTree = "<group>";
		};
		0B27F8C21E13EA53005D8E07 /* Levels */ = {
			isa = PBXGroup;
			children = (
				0B27F8C31E13EA53005D8E07 /* Game.json */,
			);
			path = Levels;
			sourceTree = "<group>";
		};
		0B4D5AFE1E13D23400A9FBC7 /* Managers */ = {
			isa = PBXGroup;
			children = (
				0B27F8C71E13ECD5005D8E07 /* GameManager.swift */,
				0BDC95D31E1452F20095C405 /* MenuManager.swift */,
			);
			path = Managers;
			sourceTree = "<group>";
		};
		0B4D5AFF1E13D23A00A9FBC7 /* Model */ = {
			isa = PBXGroup;
			children = (
				0B6F44581E1515FB005CE28F /* Ball.swift */,
				0B4D5B001E13D25400A9FBC7 /* Level.swift */,
				0B27F8C51E13EC11005D8E07 /* GameData.swift */,
			);
			path = Model;
			sourceTree = "<group>";
		};
		0B6730C51E150C0300A5F721 /* Particles */ = {
			isa = PBXGroup;
			children = (
				0B6F44561E1514FC005CE28F /* Felfire.sks */,
				0B6F44541E15120F005CE28F /* Frostbolt.sks */,
				0B6730C61E150C3700A5F721 /* Fireball.sks */,
				0B6730C71E150C3700A5F721 /* spark.png */,
			);
			path = Particles;
			sourceTree = "<group>";
		};
		0B6F445E1E151E0D005CE28F /* Touch Bar */ = {
			isa = PBXGroup;
			children = (
				0B6F445F1E152B9D005CE28F /* LevelScrubberItem.swift */,
				0B6F44611E152D0A005CE28F /* BallScrubberItem.swift */,
				0B6F44631E152DE1005CE28F /* PaddleScrubberItem.swift */,
				0B6F44651E15317B005CE28F /* TouchBarScene.swift */,
			);
			path = "Touch Bar";
			sourceTree = "<group>";
		};
		0BCE92F21E06DB0300BC0908 = {
			isa = PBXGroup;
			children = (
				0BCE92FD1E06DB0300BC0908 /* Touchanoid */,
				0BCE92FC1E06DB0300BC0908 /* Products */,
				2557723CF1C30085195AE65B /* Pods */,
				C263C8A0246D0CC3A5FD4B7E /* Frameworks */,
			);
			sourceTree = "<group>";
		};
		0BCE92FC1E06DB0300BC0908 /* Products */ = {
			isa = PBXGroup;
			children = (
				0BCE92FB1E06DB0300BC0908 /* Touchanoid.app */,
			);
			name = Products;
			sourceTree = "<group>";
		};
		0BCE92FD1E06DB0300BC0908 /* Touchanoid */ = {
			isa = PBXGroup;
			children = (
				0BCE93151E06DE7E00BC0908 /* Classes */,
				0BCE931C1E06DE7E00BC0908 /* Resources */,
			);
			path = Touchanoid;
			sourceTree = "<group>";
		};
		0BCE93151E06DE7E00BC0908 /* Classes */ = {
			isa = PBXGroup;
			children = (
				0B4D5AFF1E13D23A00A9FBC7 /* Model */,
				0B4D5AFE1E13D23400A9FBC7 /* Managers */,
				0BCE932E1E06E43F00BC0908 /* Support */,
				0BCE93161E06DE7E00BC0908 /* Game */,
				0BCE93181E06DE7E00BC0908 /* Interface */,
				0BCE931A1E06DE7E00BC0908 /* Launch */,
			);
			path = Classes;
			sourceTree = "<group>";
		};
		0BCE93161E06DE7E00BC0908 /* Game */ = {
			isa = PBXGroup;
			children = (
				0B1E2DB11E0998750089706B /* Objects */,
				0BCE93171E06DE7E00BC0908 /* GameScene.swift */,
			);
			path = Game;
			sourceTree = "<group>";
		};
		0BCE93181E06DE7E00BC0908 /* Interface */ = {
			isa = PBXGroup;
			children = (
				0B6F445E1E151E0D005CE28F /* Touch Bar */,
				0BCE93191E06DE7E00BC0908 /* MainVC.swift */,
				0BCE932C1E06E31700BC0908 /* MainWC.swift */,
			);
			path = Interface;
			sourceTree = "<group>";
		};
		0BCE931A1E06DE7E00BC0908 /* Launch */ = {
			isa = PBXGroup;
			children = (
				0BCE931B1E06DE7E00BC0908 /* AppDelegate.swift */,
			);
			path = Launch;
			sourceTree = "<group>";
		};
		0BCE931C1E06DE7E00BC0908 /* Resources */ = {
			isa = PBXGroup;
			children = (
				0B27F8C21E13EA53005D8E07 /* Levels */,
				0BCE931D1E06DE7E00BC0908 /* Assets.xcassets */,
				0BCE931F1E06DE7E00BC0908 /* Scene Data */,
				0BCE93221E06DE7E00BC0908 /* Storyboards */,
				0BCE931E1E06DE7E00BC0908 /* Info.plist */,
			);
			path = Resources;
			sourceTree = "<group>";
		};
		0BCE931F1E06DE7E00BC0908 /* Scene Data */ = {
			isa = PBXGroup;
			children = (
				0B6730C51E150C0300A5F721 /* Particles */,
				0BCE93201E06DE7E00BC0908 /* Actions.sks */,
				0BCE93211E06DE7E00BC0908 /* GameScene.sks */,
				0B6F445C1E151DDA005CE28F /* TouchBarScene.sks */,
			);
			path = "Scene Data";
			sourceTree = "<group>";
		};
		0BCE93221E06DE7E00BC0908 /* Storyboards */ = {
			isa = PBXGroup;
			children = (
				0BCE93231E06DE7E00BC0908 /* Main.storyboard */,
			);
			path = Storyboards;
			sourceTree = "<group>";
		};
		0BCE932E1E06E43F00BC0908 /* Support */ = {
			isa = PBXGroup;
			children = (
				0BDC95D51E1453500095C405 /* Objects */,
				0B73FF1C1E09AC660009FAE1 /* Enums.swift */,
				0BCE932F1E06E45600BC0908 /* Extensions.swift */,
				0B73FF1E1E09ADB00009FAE1 /* Configuration.swift */,
			);
			path = Support;
			sourceTree = "<group>";
		};
		0BDC95D51E1453500095C405 /* Objects */ = {
			isa = PBXGroup;
			children = (
				0BDC95D61E14535B0095C405 /* ClosureStorage.swift */,
			);
			path = Objects;
			sourceTree = "<group>";
		};
		2557723CF1C30085195AE65B /* Pods */ = {
			isa = PBXGroup;
			children = (
				BA2CD22267DAB612739E9D49 /* Pods-Touchanoid.debug.xcconfig */,
				3C7EEFB1E41B70EBAFF3E213 /* Pods-Touchanoid.release.xcconfig */,
			);
			name = Pods;
			sourceTree = "<group>";
		};
		C263C8A0246D0CC3A5FD4B7E /* Frameworks */ = {
			isa = PBXGroup;
			children = (
				CD52318507ACB30F47199947 /* Pods_Touchanoid.framework */,
			);
			name = Frameworks;
			sourceTree = "<group>";
		};
/* End PBXGroup section */

/* Begin PBXNativeTarget section */
		0BCE92FA1E06DB0300BC0908 /* Touchanoid */ = {
			isa = PBXNativeTarget;
			buildConfigurationList = 0BCE93101E06DB0300BC0908 /* Build configuration list for PBXNativeTarget "Touchanoid" */;
			buildPhases = (
				09D40F43DFAC69B74EE4EF71 /* [CP] Check Pods Manifest.lock */,
				0BCE92F71E06DB0300BC0908 /* Sources */,
				0BCE92F81E06DB0300BC0908 /* Frameworks */,
				0BCE92F91E06DB0300BC0908 /* Resources */,
				7329480B9F409A93AA1AF851 /* [CP] Embed Pods Frameworks */,
				C30A61A24B9ADF5434746038 /* [CP] Copy Pods Resources */,
			);
			buildRules = (
			);
			dependencies = (
			);
			name = Touchanoid;
			productName = Touchanoid;
			productReference = 0BCE92FB1E06DB0300BC0908 /* Touchanoid.app */;
			productType = "com.apple.product-type.application";
		};
/* End PBXNativeTarget section */

/* Begin PBXProject section */
		0BCE92F31E06DB0300BC0908 /* Project object */ = {
			isa = PBXProject;
			attributes = {
				LastSwiftUpdateCheck = 0820;
				LastUpgradeCheck = 0820;
				ORGANIZATIONNAME = "Jiri Trecak";
				TargetAttributes = {
					0BCE92FA1E06DB0300BC0908 = {
						CreatedOnToolsVersion = 8.2;
						DevelopmentTeam = K358GECB82;
						ProvisioningStyle = Automatic;
					};
				};
			};
			buildConfigurationList = 0BCE92F61E06DB0300BC0908 /* Build configuration list for PBXProject "Touchanoid" */;
			compatibilityVersion = "Xcode 3.2";
			developmentRegion = English;
			hasScannedForEncodings = 0;
			knownRegions = (
				en,
				Base,
			);
			mainGroup = 0BCE92F21E06DB0300BC0908;
			productRefGroup = 0BCE92FC1E06DB0300BC0908 /* Products */;
			projectDirPath = "";
			projectRoot = "";
			targets = (
				0BCE92FA1E06DB0300BC0908 /* Touchanoid */,
			);
		};
/* End PBXProject section */

/* Begin PBXResourcesBuildPhase section */
		0BCE92F91E06DB0300BC0908 /* Resources */ = {
			isa = PBXResourcesBuildPhase;
			buildActionMask = 2147483647;
			files = (
				0BCE932A1E06DE7E00BC0908 /* GameScene.sks in Resources */,
				0B27F8C41E13EA53005D8E07 /* Game.json in Resources */,
				0BCE932B1E06DE7E00BC0908 /* Main.storyboard in Resources */,
				0B6F44551E15120F005CE28F /* Frostbolt.sks in Resources */,
				0B6F445D1E151DDA005CE28F /* TouchBarScene.sks in Resources */,
				0B6730C91E150C3700A5F721 /* spark.png in Resources */,
				0B6730C81E150C3700A5F721 /* Fireball.sks in Resources */,
				0B6F44571E1514FC005CE28F /* Felfire.sks in Resources */,
				0BCE93291E06DE7E00BC0908 /* Actions.sks in Resources */,
				0BCE93271E06DE7E00BC0908 /* Assets.xcassets in Resources */,
			);
			runOnlyForDeploymentPostprocessing = 0;
		};
/* End PBXResourcesBuildPhase section */

/* Begin PBXShellScriptBuildPhase section */
		09D40F43DFAC69B74EE4EF71 /* [CP] Check Pods Manifest.lock */ = {
			isa = PBXShellScriptBuildPhase;
			buildActionMask = 2147483647;
			files = (
			);
			inputPaths = (
			);
			name = "[CP] Check Pods Manifest.lock";
			outputPaths = (
			);
			runOnlyForDeploymentPostprocessing = 0;
			shellPath = /bin/sh;
			shellScript = "diff \"${PODS_ROOT}/../Podfile.lock\" \"${PODS_ROOT}/Manifest.lock\" > /dev/null\nif [ $? != 0 ] ; then\n    # print error to STDERR\n    echo \"error: The sandbox is not in sync with the Podfile.lock. Run 'pod install' or update your CocoaPods installation.\" >&2\n    exit 1\nfi\n";
			showEnvVarsInLog = 0;
		};
		7329480B9F409A93AA1AF851 /* [CP] Embed Pods Frameworks */ = {
			isa = PBXShellScriptBuildPhase;
			buildActionMask = 2147483647;
			files = (
			);
			inputPaths = (
			);
			name = "[CP] Embed Pods Frameworks";
			outputPaths = (
			);
			runOnlyForDeploymentPostprocessing = 0;
			shellPath = /bin/sh;
			shellScript = "\"${SRCROOT}/Pods/Target Support Files/Pods-Touchanoid/Pods-Touchanoid-frameworks.sh\"\n";
			showEnvVarsInLog = 0;
		};
		C30A61A24B9ADF5434746038 /* [CP] Copy Pods Resources */ = {
			isa = PBXShellScriptBuildPhase;
			buildActionMask = 2147483647;
			files = (
			);
			inputPaths = (
			);
			name = "[CP] Copy Pods Resources";
			outputPaths = (
			);
			runOnlyForDeploymentPostprocessing = 0;
			shellPath = /bin/sh;
			shellScript = "\"${SRCROOT}/Pods/Target Support Files/Pods-Touchanoid/Pods-Touchanoid-resources.sh\"\n";
			showEnvVarsInLog = 0;
		};
/* End PBXShellScriptBuildPhase section */

/* Begin PBXSourcesBuildPhase section */
		0BCE92F71E06DB0300BC0908 /* Sources */ = {
			isa = PBXSourcesBuildPhase;
			buildActionMask = 2147483647;
			files = (
				0BDC95D71E14535B0095C405 /* ClosureStorage.swift in Sources */,
				0B6F44601E152B9D005CE28F /* LevelScrubberItem.swift in Sources */,
				0BDC95D41E1452F20095C405 /* MenuManager.swift in Sources */,
				0B6F44661E15317B005CE28F /* TouchBarScene.swift in Sources */,
				0BCE93301E06E45600BC0908 /* Extensions.swift in Sources */,
				0B1E2DB31E0998840089706B /* GOWall.swift in Sources */,
				0BCE93261E06DE7E00BC0908 /* AppDelegate.swift in Sources */,
				0B6F44621E152D0A005CE28F /* BallScrubberItem.swift in Sources */,
				0B27F8C81E13ECD5005D8E07 /* GameManager.swift in Sources */,
				0B4D5B011E13D25400A9FBC7 /* Level.swift in Sources */,
				0BCE93251E06DE7E00BC0908 /* MainVC.swift in Sources */,
				0B73FF1D1E09AC660009FAE1 /* Enums.swift in Sources */,
				0BCE932D1E06E31700BC0908 /* MainWC.swift in Sources */,
				0B73FF1F1E09ADB00009FAE1 /* Configuration.swift in Sources */,
				0B6F445B1E151BD3005CE28F /* GOBall.swift in Sources */,
				0B6F44641E152DE1005CE28F /* PaddleScrubberItem.swift in Sources */,
				0B27F8C61E13EC11005D8E07 /* GameData.swift in Sources */,
				0B6F44591E1515FB005CE28F /* Ball.swift in Sources */,
				0BCE93241E06DE7E00BC0908 /* GameScene.swift in Sources */,
			);
			runOnlyForDeploymentPostprocessing = 0;
		};
/* End PBXSourcesBuildPhase section */

/* Begin XCBuildConfiguration section */
		0BCE930E1E06DB0300BC0908 /* Debug */ = {
			isa = XCBuildConfiguration;
			buildSettings = {
				ALWAYS_SEARCH_USER_PATHS = NO;
				CLANG_ANALYZER_NONNULL = YES;
				CLANG_CXX_LANGUAGE_STANDARD = "gnu++0x";
				CLANG_CXX_LIBRARY = "libc++";
				CLANG_ENABLE_MODULES = YES;
				CLANG_ENABLE_OBJC_ARC = YES;
				CLANG_WARN_BOOL_CONVERSION = YES;
				CLANG_WARN_CONSTANT_CONVERSION = YES;
				CLANG_WARN_DIRECT_OBJC_ISA_USAGE = YES_ERROR;
				CLANG_WARN_DOCUMENTATION_COMMENTS = YES;
				CLANG_WARN_EMPTY_BODY = YES;
				CLANG_WARN_ENUM_CONVERSION = YES;
				CLANG_WARN_INFINITE_RECURSION = YES;
				CLANG_WARN_INT_CONVERSION = YES;
				CLANG_WARN_OBJC_ROOT_CLASS = YES_ERROR;
				CLANG_WARN_SUSPICIOUS_MOVE = YES;
				CLANG_WARN_UNREACHABLE_CODE = YES;
				CLANG_WARN__DUPLICATE_METHOD_MATCH = YES;
				CODE_SIGN_IDENTITY = "-";
				COPY_PHASE_STRIP = NO;
				DEBUG_INFORMATION_FORMAT = dwarf;
				ENABLE_STRICT_OBJC_MSGSEND = YES;
				ENABLE_TESTABILITY = YES;
				GCC_C_LANGUAGE_STANDARD = gnu99;
				GCC_DYNAMIC_NO_PIC = NO;
				GCC_NO_COMMON_BLOCKS = YES;
				GCC_OPTIMIZATION_LEVEL = 0;
				GCC_PREPROCESSOR_DEFINITIONS = (
					"DEBUG=1",
					"$(inherited)",
				);
				GCC_WARN_64_TO_32_BIT_CONVERSION = YES;
				GCC_WARN_ABOUT_RETURN_TYPE = YES_ERROR;
				GCC_WARN_UNDECLARED_SELECTOR = YES;
				GCC_WARN_UNINITIALIZED_AUTOS = YES_AGGRESSIVE;
				GCC_WARN_UNUSED_FUNCTION = YES;
				GCC_WARN_UNUSED_VARIABLE = YES;
				MACOSX_DEPLOYMENT_TARGET = 10.12;
				MTL_ENABLE_DEBUG_INFO = YES;
				ONLY_ACTIVE_ARCH = YES;
				SDKROOT = macosx;
				SWIFT_ACTIVE_COMPILATION_CONDITIONS = DEBUG;
				SWIFT_OPTIMIZATION_LEVEL = "-Onone";
			};
			name = Debug;
		};
		0BCE930F1E06DB0300BC0908 /* Release */ = {
			isa = XCBuildConfiguration;
			buildSettings = {
				ALWAYS_SEARCH_USER_PATHS = NO;
				CLANG_ANALYZER_NONNULL = YES;
				CLANG_CXX_LANGUAGE_STANDARD = "gnu++0x";
				CLANG_CXX_LIBRARY = "libc++";
				CLANG_ENABLE_MODULES = YES;
				CLANG_ENABLE_OBJC_ARC = YES;
				CLANG_WARN_BOOL_CONVERSION = YES;
				CLANG_WARN_CONSTANT_CONVERSION = YES;
				CLANG_WARN_DIRECT_OBJC_ISA_USAGE = YES_ERROR;
				CLANG_WARN_DOCUMENTATION_COMMENTS = YES;
				CLANG_WARN_EMPTY_BODY = YES;
				CLANG_WARN_ENUM_CONVERSION = YES;
				CLANG_WARN_INFINITE_RECURSION = YES;
				CLANG_WARN_INT_CONVERSION = YES;
				CLANG_WARN_OBJC_ROOT_CLASS = YES_ERROR;
				CLANG_WARN_SUSPICIOUS_MOVE = YES;
				CLANG_WARN_UNREACHABLE_CODE = YES;
				CLANG_WARN__DUPLICATE_METHOD_MATCH = YES;
				CODE_SIGN_IDENTITY = "-";
				COPY_PHASE_STRIP = NO;
				DEBUG_INFORMATION_FORMAT = "dwarf-with-dsym";
				ENABLE_NS_ASSERTIONS = NO;
				ENABLE_STRICT_OBJC_MSGSEND = YES;
				GCC_C_LANGUAGE_STANDARD = gnu99;
				GCC_NO_COMMON_BLOCKS = YES;
				GCC_WARN_64_TO_32_BIT_CONVERSION = YES;
				GCC_WARN_ABOUT_RETURN_TYPE = YES_ERROR;
				GCC_WARN_UNDECLARED_SELECTOR = YES;
				GCC_WARN_UNINITIALIZED_AUTOS = YES_AGGRESSIVE;
				GCC_WARN_UNUSED_FUNCTION = YES;
				GCC_WARN_UNUSED_VARIABLE = YES;
				MACOSX_DEPLOYMENT_TARGET = 10.12;
				MTL_ENABLE_DEBUG_INFO = NO;
				SDKROOT = macosx;
				SWIFT_OPTIMIZATION_LEVEL = "-Owholemodule";
			};
			name = Release;
		};
		0BCE93111E06DB0300BC0908 /* Debug */ = {
			isa = XCBuildConfiguration;
			baseConfigurationReference = BA2CD22267DAB612739E9D49 /* Pods-Touchanoid.debug.xcconfig */;
			buildSettings = {
				ALWAYS_EMBED_SWIFT_STANDARD_LIBRARIES = YES;
				ASSETCATALOG_COMPILER_APPICON_NAME = AppIcon;
				CODE_SIGN_IDENTITY = "Mac Developer";
				COMBINE_HIDPI_IMAGES = YES;
				DEVELOPMENT_TEAM = K358GECB82;
				INFOPLIST_FILE = "$(SRCROOT)/Touchanoid/Resources/Info.plist";
				LD_RUNPATH_SEARCH_PATHS = "$(inherited) @executable_path/../Frameworks";
				PRODUCT_BUNDLE_IDENTIFIER = com.jiritrecak.touchanoid;
				PRODUCT_NAME = "$(TARGET_NAME)";
				SWIFT_VERSION = 3.0;
			};
			name = Debug;
		};
		0BCE93121E06DB0300BC0908 /* Release */ = {
			isa = XCBuildConfiguration;
			baseConfigurationReference = 3C7EEFB1E41B70EBAFF3E213 /* Pods-Touchanoid.release.xcconfig */;
			buildSettings = {
				ALWAYS_EMBED_SWIFT_STANDARD_LIBRARIES = YES;
				ASSETCATALOG_COMPILER_APPICON_NAME = AppIcon;
				CODE_SIGN_IDENTITY = "Mac Developer";
				COMBINE_HIDPI_IMAGES = YES;
				DEVELOPMENT_TEAM = K358GECB82;
				INFOPLIST_FILE = "$(SRCROOT)/Touchanoid/Resources/Info.plist";
				LD_RUNPATH_SEARCH_PATHS = "$(inherited) @executable_path/../Frameworks";
				PRODUCT_BUNDLE_IDENTIFIER = com.jiritrecak.touchanoid;
				PRODUCT_NAME = "$(TARGET_NAME)";
				SWIFT_VERSION = 3.0;
			};
			name = Release;
		};
/* End XCBuildConfiguration section */

/* Begin XCConfigurationList section */
		0BCE92F61E06DB0300BC0908 /* Build configuration list for PBXProject "Touchanoid" */ = {
			isa = XCConfigurationList;
			buildConfigurations = (
				0BCE930E1E06DB0300BC0908 /* Debug */,
				0BCE930F1E06DB0300BC0908 /* Release */,
			);
			defaultConfigurationIsVisible = 0;
			defaultConfigurationName = Release;
		};
		0BCE93101E06DB0300BC0908 /* Build configuration list for PBXNativeTarget "Touchanoid" */ = {
			isa = XCConfigurationList;
			buildConfigurations = (
				0BCE93111E06DB0300BC0908 /* Debug */,
				0BCE93121E06DB0300BC0908 /* Release */,
			);
			defaultConfigurationIsVisible = 0;
			defaultConfigurationName = Release;
		};
/* End XCConfigurationList section */
	};
	rootObject = 0BCE92F31E06DB0300BC0908 /* Project object */;
}
